
Microsoft Visual Studio Solution File, Format Version 12.00
# Visual Studio Version 17
VisualStudioVersion = 17.7.34009.444
MinimumVisualStudioVersion = 10.0.40219.1
Project("{FAE04EC0-301F-11D3-BF4B-00C04F79EFBC}") = "DeepSeed", "DeepSeed\DeepSeed.csproj", "{197D903F-3577-4053-8C1B-5B4A5CF8A87E}"
EndProject
Global
	GlobalSection(SolutionConfigurationPlatforms) = preSolution
		Debug|Any CPU = Debug|Any CPU
		Release|Any CPU = Release|Any CPU
	EndGlobalSection
	GlobalSection(ProjectConfigurationPlatforms) = postSolution
		{197D903F-3577-4053-8C1B-5B4A5CF8A87E}.Debug|Any CPU.ActiveCfg = Debug|Any CPU
		{197D903F-3577-4053-8C1B-5B4A5CF8A87E}.Debug|Any CPU.Build.0 = Debug|Any CPU
		{197D903F-3577-4053-8C1B-5B4A5CF8A87E}.Release|Any CPU.ActiveCfg = Release|Any CPU
		{197D903F-3577-4053-8C1B-5B4A5CF8A87E}.Release|Any CPU.Build.0 = Release|Any CPU
	EndGlobalSection
	GlobalSection(SolutionProperties) = preSolution
		HideSolutionNode = FALSE
	EndGlobalSection
	GlobalSection(ExtensibilityGlobals) = postSolution
		SolutionGuid = {4F2AADE2-B474-4F27-A072-027619A37605}
	EndGlobalSection
EndGlobal
